
Microsoft Visual Studio Solution File, Format Version 12.00
# Visual Studio Version 17
VisualStudioVersion = 17.3.32922.545
MinimumVisualStudioVersion = 10.0.40219.1
Project("{FAE04EC0-301F-11D3-BF4B-00C04F79EFBC}") = "crypto2", "crypto2\crypto2.csproj", "{B2BAC98F-D31B-42CB-ABA7-CC237B98134D}"
EndProject
Global
	GlobalSection(SolutionConfigurationPlatforms) = preSolution
		Debug|Any CPU = Debug|Any CPU
		Release|Any CPU = Release|Any CPU
	EndGlobalSection
	GlobalSection(ProjectConfigurationPlatforms) = postSolution
		{B2BAC98F-D31B-42CB-ABA7-CC237B98134D}.Debug|Any CPU.ActiveCfg = Debug|Any CPU
		{B2BAC98F-D31B-42CB-ABA7-CC237B98134D}.Debug|Any CPU.Build.0 = Debug|Any CPU
		{B2BAC98F-D31B-42CB-ABA7-CC237B98134D}.Release|Any CPU.ActiveCfg = Release|Any CPU
		{B2BAC98F-D31B-42CB-ABA7-CC237B98134D}.Release|Any CPU.Build.0 = Release|Any CPU
	EndGlobalSection
	GlobalSection(SolutionProperties) = preSolution
		HideSolutionNode = FALSE
	EndGlobalSection
	GlobalSection(ExtensibilityGlobals) = postSolution
		SolutionGuid = {ABDFF949-ACD3-4FC4-BE51-8333F0BB6081}
	EndGlobalSection
EndGlobal
